# generated by rye
# use `rye lock` or `rye sync` to update this lockfile
#
# last locked with the following flags:
#   pre: false
#   features: []
#   all-features: false
#   with-sources: false

-e file:.
aiohttp==3.9.3
    # via litellm
    # via textual-dev
aiosignal==1.3.1
    # via aiohttp
aiosqlite==0.20.0
    # via elia
annotated-types==0.6.0
    # via pydantic
anthropic==0.25.6
    # via langchain-anthropic
anyio==4.2.0
    # via anthropic
    # via httpx
    # via openai
attrs==23.2.0
    # via aiohttp
black==24.1.1
certifi==2024.2.2
    # via httpcore
    # via httpx
    # via requests
cfgv==3.4.0
    # via pre-commit
charset-normalizer==3.3.2
    # via requests
click==8.1.7
    # via black
    # via click-default-group
    # via elia
    # via litellm
    # via textual-dev
click-default-group==1.2.4
    # via elia
defusedxml==0.7.1
    # via langchain-anthropic
distlib==0.3.8
    # via virtualenv
distro==1.9.0
    # via anthropic
    # via openai
filelock==3.13.1
    # via huggingface-hub
    # via virtualenv
frozenlist==1.4.1
    # via aiohttp
    # via aiosignal
fsspec==2024.3.1
    # via huggingface-hub
greenlet==3.0.3
    # via elia
    # via sqlalchemy
h11==0.14.0
    # via httpcore
httpcore==1.0.2
    # via httpx
httpx==0.26.0
    # via anthropic
    # via openai
huggingface-hub==0.22.2
    # via tokenizers
humanize==4.9.0
    # via elia
identify==2.5.34
    # via pre-commit
idna==3.6
    # via anyio
    # via httpx
    # via requests
    # via yarl
importlib-metadata==7.1.0
    # via litellm
jinja2==3.1.3
    # via litellm
jsonpatch==1.33
    # via langchain-core
jsonpointer==2.4
    # via jsonpatch
langchain-anthropic==0.1.11
    # via elia
langchain-core==0.1.45
    # via elia
    # via langchain-anthropic
    # via langchain-openai
langchain-openai==0.0.5
    # via elia
langsmith==0.1.50
    # via langchain-core
linkify-it-py==2.0.3
    # via markdown-it-py
litellm==1.35.38
    # via elia
markdown-it-py==3.0.0
    # via mdit-py-plugins
    # via rich
    # via textual
markupsafe==2.1.5
    # via jinja2
mdit-py-plugins==0.4.0
    # via markdown-it-py
mdurl==0.1.2
    # via markdown-it-py
msgpack==1.0.7
    # via textual-dev
multidict==6.0.5
    # via aiohttp
    # via yarl
mypy==1.8.0
mypy-extensions==1.0.0
    # via black
    # via mypy
nodeenv==1.8.0
    # via pre-commit
numpy==1.24.4
    # via langchain-openai
openai==1.12.0
    # via langchain-openai
    # via litellm
orjson==3.10.1
    # via langsmith
packaging==23.2
    # via black
    # via huggingface-hub
    # via langchain-core
pathspec==0.12.1
    # via black
platformdirs==4.2.0
    # via black
    # via virtualenv
pre-commit==3.5.0
pydantic==2.6.1
    # via anthropic
    # via langchain-core
    # via langsmith
    # via openai
    # via pydantic-settings
    # via sqlmodel
pydantic-core==2.16.2
    # via pydantic
pydantic-settings==2.2.1
    # via elia
pygments==2.17.2
    # via rich
pyinstrument==4.6.2
python-dotenv==1.0.1
    # via litellm
    # via pydantic-settings
pyyaml==6.0.1
    # via huggingface-hub
    # via langchain-core
    # via pre-commit
regex==2023.12.25
    # via tiktoken
requests==2.31.0
    # via huggingface-hub
    # via langsmith
    # via litellm
    # via tiktoken
rich==13.7.0
    # via textual
setuptools==69.0.3
    # via nodeenv
sniffio==1.3.0
    # via anthropic
    # via anyio
    # via httpx
    # via openai
sqlalchemy==2.0.25
    # via sqlmodel
sqlmodel==0.0.14
    # via elia
tenacity==8.2.3
    # via langchain-core
textual==0.58.1
    # via elia
    # via textual-dev
textual-dev==1.4.0
tiktoken==0.5.2
    # via elia
    # via langchain-openai
    # via litellm
tokenizers==0.19.1
    # via anthropic
    # via litellm
tqdm==4.66.2
    # via huggingface-hub
    # via openai
tree-sitter==0.20.4
    # via textual
    # via tree-sitter-languages
tree-sitter-languages==1.10.2
    # via textual
types-peewee==3.17.0.20240207
typing-extensions==4.9.0
    # via aiosqlite
    # via anthropic
    # via huggingface-hub
    # via mypy
    # via openai
    # via pydantic
    # via pydantic-core
    # via sqlalchemy
    # via textual
    # via textual-dev
uc-micro-py==1.0.3
    # via linkify-it-py
urllib3==2.2.0
    # via requests
virtualenv==20.25.0
    # via pre-commit
xdg-base-dirs==6.0.1
    # via elia
yarl==1.9.4
    # via aiohttp
zipp==3.18.1
    # via importlib-metadata
